
Microsoft Visual Studio Solution File, Format Version 12.00
# Visual Studio Version 16
VisualStudioVersion = 16.0.31005.135
MinimumVisualStudioVersion = 10.0.40219.1
Project("{FAE04EC0-301F-11D3-BF4B-00C04F79EFBC}") = "InventoryAPI", "InventoryAPI.csproj", "{0734E9FA-7464-40BF-B78C-4B9598F9459B}"
EndProject
Global
	GlobalSection(SolutionConfigurationPlatforms) = preSolution
		Debug|Any CPU = Debug|Any CPU
		Release|Any CPU = Release|Any CPU
	EndGlobalSection
	GlobalSection(ProjectConfigurationPlatforms) = postSolution
		{0734E9FA-7464-40BF-B78C-4B9598F9459B}.Debug|Any CPU.ActiveCfg = Debug|Any CPU
		{0734E9FA-7464-40BF-B78C-4B9598F9459B}.Debug|Any CPU.Build.0 = Debug|Any CPU
		{0734E9FA-7464-40BF-B78C-4B9598F9459B}.Release|Any CPU.ActiveCfg = Release|Any CPU
		{0734E9FA-7464-40BF-B78C-4B9598F9459B}.Release|Any CPU.Build.0 = Release|Any CPU
	EndGlobalSection
	GlobalSection(SolutionProperties) = preSolution
		HideSolutionNode = FALSE
	EndGlobalSection
	GlobalSection(ExtensibilityGlobals) = postSolution
		SolutionGuid = {50985BFD-A4F2-4503-882F-A3115909A216}
	EndGlobalSection
EndGlobal
